// !$*UTF8*$!
{
	archiveVersion = 1;
	classes = {
	};
	objectVersion = 77;
	objects = {

/* Begin PBXBuildFile section */
		C6436E512D2D416A002CD5C7 /* AppDelegate.swift in Sources */ = {isa = PBXBuildFile; fileRef = C6436E492D2D416A002CD5C7 /* AppDelegate.swift */; };
		C6436E522D2D416A002CD5C7 /* SceneDelegate.swift in Sources */ = {isa = PBXBuildFile; fileRef = C6436E4E2D2D416A002CD5C7 /* SceneDelegate.swift */; };
		C6436E532D2D416A002CD5C7 /* SearchVC.swift in Sources */ = {isa = PBXBuildFile; fileRef = C6436E4F2D2D416A002CD5C7 /* SearchVC.swift */; };
		C6436E542D2D416A002CD5C7 /* Assets.xcassets in Resources */ = {isa = PBXBuildFile; fileRef = C6436E4A2D2D416A002CD5C7 /* Assets.xcassets */; };
		C6436E562D2D416A002CD5C7 /* LaunchScreen.storyboard in Resources */ = {isa = PBXBuildFile; fileRef = C6436E4D2D2D416A002CD5C7 /* LaunchScreen.storyboard */; };
		C6436E582D2D41E7002CD5C7 /* RESTservice.swift in Sources */ = {isa = PBXBuildFile; fileRef = C6436E572D2D41E7002CD5C7 /* RESTservice.swift */; };
		C6436E5A2D2D48D5002CD5C7 /* Song.swift in Sources */ = {isa = PBXBuildFile; fileRef = C6436E592D2D48D5002CD5C7 /* Song.swift */; };
		C6436E612D2D52D2002CD5C7 /* Auth.swift in Sources */ = {isa = PBXBuildFile; fileRef = C6436E602D2D52D2002CD5C7 /* Auth.swift */; };
		C6436E632D2DEF0E002CD5C7 /* SearchVM.swift in Sources */ = {isa = PBXBuildFile; fileRef = C6436E622D2DEF0E002CD5C7 /* SearchVM.swift */; };
		C6436E682D2E95CD002CD5C7 /* SongTableHeader.swift in Sources */ = {isa = PBXBuildFile; fileRef = C6436E672D2E95CD002CD5C7 /* SongTableHeader.swift */; };
		C6436E6D2D2EAA80002CD5C7 /* SongTableCell.swift in Sources */ = {isa = PBXBuildFile; fileRef = C6436E6B2D2EAA80002CD5C7 /* SongTableCell.swift */; };
		C6436E6E2D2EAA80002CD5C7 /* SongTableCell.xib in Resources */ = {isa = PBXBuildFile; fileRef = C6436E6C2D2EAA80002CD5C7 /* SongTableCell.xib */; };
		C6436E702D2EB461002CD5C7 /* imageLoadService.swift in Sources */ = {isa = PBXBuildFile; fileRef = C6436E6F2D2EB461002CD5C7 /* imageLoadService.swift */; };
		C6436E782D2ECFA1002CD5C7 /* SongDetailsVC.swift in Sources */ = {isa = PBXBuildFile; fileRef = C6436E772D2ECFA1002CD5C7 /* SongDetailsVC.swift */; };
/* End PBXBuildFile section */

/* Begin PBXFileReference section */
		C6436E312D2D4156002CD5C7 /* RESTfulService.app */ = {isa = PBXFileReference; explicitFileType = wrapper.application; includeInIndex = 0; path = RESTfulService.app; sourceTree = BUILT_PRODUCTS_DIR; };
		C6436E492D2D416A002CD5C7 /* AppDelegate.swift */ = {isa = PBXFileReference; lastKnownFileType = sourcecode.swift; path = AppDelegate.swift; sourceTree = "<group>"; };
		C6436E4A2D2D416A002CD5C7 /* Assets.xcassets */ = {isa = PBXFileReference; lastKnownFileType = folder.assetcatalog; path = Assets.xcassets; sourceTree = "<group>"; };
		C6436E4B2D2D416A002CD5C7 /* Info.plist */ = {isa = PBXFileReference; lastKnownFileType = text.plist.xml; path = Info.plist; sourceTree = "<group>"; };
		C6436E4C2D2D416A002CD5C7 /* Base */ = {isa = PBXFileReference; lastKnownFileType = file.storyboard; name = Base; path = Base.lproj/LaunchScreen.storyboard; sourceTree = "<group>"; };
		C6436E4E2D2D416A002CD5C7 /* SceneDelegate.swift */ = {isa = PBXFileReference; lastKnownFileType = sourcecode.swift; path = SceneDelegate.swift; sourceTree = "<group>"; };
		C6436E4F2D2D416A002CD5C7 /* SearchVC.swift */ = {isa = PBXFileReference; lastKnownFileType = sourcecode.swift; path = SearchVC.swift; sourceTree = "<group>"; };
		C6436E572D2D41E7002CD5C7 /* RESTservice.swift */ = {isa = PBXFileReference; lastKnownFileType = sourcecode.swift; path = RESTservice.swift; sourceTree = "<group>"; };
		C6436E592D2D48D5002CD5C7 /* Song.swift */ = {isa = PBXFileReference; lastKnownFileType = sourcecode.swift; path = Song.swift; sourceTree = "<group>"; };
		C6436E602D2D52D2002CD5C7 /* Auth.swift */ = {isa = PBXFileReference; lastKnownFileType = sourcecode.swift; path = Auth.swift; sourceTree = "<group>"; };
		C6436E622D2DEF0E002CD5C7 /* SearchVM.swift */ = {isa = PBXFileReference; lastKnownFileType = sourcecode.swift; path = SearchVM.swift; sourceTree = "<group>"; };
		C6436E672D2E95CD002CD5C7 /* SongTableHeader.swift */ = {isa = PBXFileReference; lastKnownFileType = sourcecode.swift; path = SongTableHeader.swift; sourceTree = "<group>"; };
		C6436E6B2D2EAA80002CD5C7 /* SongTableCell.swift */ = {isa = PBXFileReference; lastKnownFileType = sourcecode.swift; path = SongTableCell.swift; sourceTree = "<group>"; };
		C6436E6C2D2EAA80002CD5C7 /* SongTableCell.xib */ = {isa = PBXFileReference; lastKnownFileType = file.xib; path = SongTableCell.xib; sourceTree = "<group>"; };
		C6436E6F2D2EB461002CD5C7 /* imageLoadService.swift */ = {isa = PBXFileReference; lastKnownFileType = sourcecode.swift; path = imageLoadService.swift; sourceTree = "<group>"; };
		C6436E772D2ECFA1002CD5C7 /* SongDetailsVC.swift */ = {isa = PBXFileReference; lastKnownFileType = sourcecode.swift; path = SongDetailsVC.swift; sourceTree = "<group>"; };
/* End PBXFileReference section */

/* Begin PBXFrameworksBuildPhase section */
		C6436E2E2D2D4156002CD5C7 /* Frameworks */ = {
			isa = PBXFrameworksBuildPhase;
			buildActionMask = 2147483647;
			files = (
			);
			runOnlyForDeploymentPostprocessing = 0;
		};
/* End PBXFrameworksBuildPhase section */

/* Begin PBXGroup section */
		C6436E282D2D4156002CD5C7 = {
			isa = PBXGroup;
			children = (
				C6436E502D2D416A002CD5C7 /* RESTfulService */,
				C6436E322D2D4156002CD5C7 /* Products */,
			);
			sourceTree = "<group>";
		};
		C6436E322D2D4156002CD5C7 /* Products */ = {
			isa = PBXGroup;
			children = (
				C6436E312D2D4156002CD5C7 /* RESTfulService.app */,
			);
			name = Products;
			sourceTree = "<group>";
		};
		C6436E502D2D416A002CD5C7 /* RESTfulService */ = {
			isa = PBXGroup;
			children = (
				C6436E492D2D416A002CD5C7 /* AppDelegate.swift */,
				C6436E4A2D2D416A002CD5C7 /* Assets.xcassets */,
				C6436E4B2D2D416A002CD5C7 /* Info.plist */,
				C6436E4D2D2D416A002CD5C7 /* LaunchScreen.storyboard */,
				C6436E4E2D2D416A002CD5C7 /* SceneDelegate.swift */,
				C6436E652D2DEF23002CD5C7 /* Service */,
				C6436E5D2D2D5224002CD5C7 /* Model */,
				C6436E642D2DEF13002CD5C7 /* ViewModel */,
				C6436E662D2DEF3F002CD5C7 /* View */,
			);
			path = RESTfulService;
			sourceTree = "<group>";
		};
		C6436E5D2D2D5224002CD5C7 /* Model */ = {
			isa = PBXGroup;
			children = (
				C6436E592D2D48D5002CD5C7 /* Song.swift */,
				C6436E602D2D52D2002CD5C7 /* Auth.swift */,
			);
			path = Model;
			sourceTree = "<group>";
		};
		C6436E642D2DEF13002CD5C7 /* ViewModel */ = {
			isa = PBXGroup;
			children = (
				C6436E622D2DEF0E002CD5C7 /* SearchVM.swift */,
			);
			path = ViewModel;
			sourceTree = "<group>";
		};
		C6436E652D2DEF23002CD5C7 /* Service */ = {
			isa = PBXGroup;
			children = (
				C6436E572D2D41E7002CD5C7 /* RESTservice.swift */,
				C6436E6F2D2EB461002CD5C7 /* imageLoadService.swift */,
			);
			path = Service;
			sourceTree = "<group>";
		};
		C6436E662D2DEF3F002CD5C7 /* View */ = {
			isa = PBXGroup;
			children = (
				C6436E4F2D2D416A002CD5C7 /* SearchVC.swift */,
				C6436E672D2E95CD002CD5C7 /* SongTableHeader.swift */,
				C6436E6B2D2EAA80002CD5C7 /* SongTableCell.swift */,
				C6436E6C2D2EAA80002CD5C7 /* SongTableCell.xib */,
				C6436E772D2ECFA1002CD5C7 /* SongDetailsVC.swift */,
			);
			path = View;
			sourceTree = "<group>";
		};
/* End PBXGroup section */

/* Begin PBXNativeTarget section */
		C6436E302D2D4156002CD5C7 /* RESTfulService */ = {
			isa = PBXNativeTarget;
			buildConfigurationList = C6436E442D2D4157002CD5C7 /* Build configuration list for PBXNativeTarget "RESTfulService" */;
			buildPhases = (
				C6436E2D2D2D4156002CD5C7 /* Sources */,
				C6436E2E2D2D4156002CD5C7 /* Frameworks */,
				C6436E2F2D2D4156002CD5C7 /* Resources */,
			);
			buildRules = (
			);
			dependencies = (
			);
			name = RESTfulService;
			packageProductDependencies = (
			);
			productName = RESTfulService;
			productReference = C6436E312D2D4156002CD5C7 /* RESTfulService.app */;
			productType = "com.apple.product-type.application";
		};
/* End PBXNativeTarget section */

/* Begin PBXProject section */
		C6436E292D2D4156002CD5C7 /* Project object */ = {
			isa = PBXProject;
			attributes = {
				BuildIndependentTargetsInParallel = 1;
				LastSwiftUpdateCheck = 1610;
				LastUpgradeCheck = 1610;
				TargetAttributes = {
					C6436E302D2D4156002CD5C7 = {
						CreatedOnToolsVersion = 16.1;
					};
				};
			};
			buildConfigurationList = C6436E2C2D2D4156002CD5C7 /* Build configuration list for PBXProject "RESTfulService" */;
			developmentRegion = en;
			hasScannedForEncodings = 0;
			knownRegions = (
				en,
				Base,
			);
			mainGroup = C6436E282D2D4156002CD5C7;
			minimizedProjectReferenceProxies = 1;
			preferredProjectObjectVersion = 77;
			productRefGroup = C6436E322D2D4156002CD5C7 /* Products */;
			projectDirPath = "";
			projectRoot = "";
			targets = (
				C6436E302D2D4156002CD5C7 /* RESTfulService */,
			);
		};
/* End PBXProject section */

/* Begin PBXResourcesBuildPhase section */
		C6436E2F2D2D4156002CD5C7 /* Resources */ = {
			isa = PBXResourcesBuildPhase;
			buildActionMask = 2147483647;
			files = (
				C6436E542D2D416A002CD5C7 /* Assets.xcassets in Resources */,
				C6436E6E2D2EAA80002CD5C7 /* SongTableCell.xib in Resources */,
				C6436E562D2D416A002CD5C7 /* LaunchScreen.storyboard in Resources */,
			);
			runOnlyForDeploymentPostprocessing = 0;
		};
/* End PBXResourcesBuildPhase section */

/* Begin PBXSourcesBuildPhase section */
		C6436E2D2D2D4156002CD5C7 /* Sources */ = {
			isa = PBXSourcesBuildPhase;
			buildActionMask = 2147483647;
			files = (
				C6436E512D2D416A002CD5C7 /* AppDelegate.swift in Sources */,
				C6436E522D2D416A002CD5C7 /* SceneDelegate.swift in Sources */,
				C6436E532D2D416A002CD5C7 /* SearchVC.swift in Sources */,
				C6436E6D2D2EAA80002CD5C7 /* SongTableCell.swift in Sources */,
				C6436E582D2D41E7002CD5C7 /* RESTservice.swift in Sources */,
				C6436E682D2E95CD002CD5C7 /* SongTableHeader.swift in Sources */,
				C6436E5A2D2D48D5002CD5C7 /* Song.swift in Sources */,
				C6436E702D2EB461002CD5C7 /* imageLoadService.swift in Sources */,
				C6436E782D2ECFA1002CD5C7 /* SongDetailsVC.swift in Sources */,
				C6436E632D2DEF0E002CD5C7 /* SearchVM.swift in Sources */,
				C6436E612D2D52D2002CD5C7 /* Auth.swift in Sources */,
			);
			runOnlyForDeploymentPostprocessing = 0;
		};
/* End PBXSourcesBuildPhase section */

/* Begin PBXVariantGroup section */
		C6436E4D2D2D416A002CD5C7 /* LaunchScreen.storyboard */ = {
			isa = PBXVariantGroup;
			children = (
				C6436E4C2D2D416A002CD5C7 /* Base */,
			);
			name = LaunchScreen.storyboard;
			sourceTree = "<group>";
		};
/* End PBXVariantGroup section */

/* Begin XCBuildConfiguration section */
		C6436E452D2D4157002CD5C7 /* Debug */ = {
			isa = XCBuildConfiguration;
			buildSettings = {
				ASSETCATALOG_COMPILER_APPICON_NAME = AppIcon;
				ASSETCATALOG_COMPILER_GLOBAL_ACCENT_COLOR_NAME = AccentColor;
				CODE_SIGN_STYLE = Automatic;
				CURRENT_PROJECT_VERSION = 1;
				DEVELOPMENT_TEAM = J4QF7K26GP;
				GENERATE_INFOPLIST_FILE = YES;
				INFOPLIST_FILE = RESTfulService/Info.plist;
				INFOPLIST_KEY_UIApplicationSupportsIndirectInputEvents = YES;
				INFOPLIST_KEY_UILaunchStoryboardName = LaunchScreen;
				INFOPLIST_KEY_UISupportedInterfaceOrientations_iPad = "UIInterfaceOrientationPortrait UIInterfaceOrientationPortraitUpsideDown UIInterfaceOrientationLandscapeLeft UIInterfaceOrientationLandscapeRight";
				INFOPLIST_KEY_UISupportedInterfaceOrientations_iPhone = "UIInterfaceOrientationPortrait UIInterfaceOrientationLandscapeLeft UIInterfaceOrientationLandscapeRight";
				LD_RUNPATH_SEARCH_PATHS = (
					"$(inherited)",
					"@executable_path/Frameworks",
				);
				MARKETING_VERSION = 1.0;
				PRODUCT_BUNDLE_IDENTIFIER = com.mertziya.RESTfulService;
				PRODUCT_NAME = "$(TARGET_NAME)";
				SWIFT_EMIT_LOC_STRINGS = YES;
				SWIFT_VERSION = 5.0;
				TARGETED_DEVICE_FAMILY = "1,2";
			};
			name = Debug;
		};
		C6436E462D2D4157002CD5C7 /* Release */ = {
			isa = XCBuildConfiguration;
			buildSettings = {
				ASSETCATALOG_COMPILER_APPICON_NAME = AppIcon;
				ASSETCATALOG_COMPILER_GLOBAL_ACCENT_COLOR_NAME = AccentColor;
				CODE_SIGN_STYLE = Automatic;
				CURRENT_PROJECT_VERSION = 1;
				DEVELOPMENT_TEAM = J4QF7K26GP;
				GENERATE_INFOPLIST_FILE = YES;
				INFOPLIST_FILE = RESTfulService/Info.plist;
				INFOPLIST_KEY_UIApplicationSupportsIndirectInputEvents = YES;
				INFOPLIST_KEY_UILaunchStoryboardName = LaunchScreen;
				INFOPLIST_KEY_UISupportedInterfaceOrientations_iPad = "UIInterfaceOrientationPortrait UIInterfaceOrientationPortraitUpsideDown UIInterfaceOrientationLandscapeLeft UIInterfaceOrientationLandscapeRight";
				INFOPLIST_KEY_UISupportedInterfaceOrientations_iPhone = "UIInterfaceOrientationPortrait UIInterfaceOrientationLandscapeLeft UIInterfaceOrientationLandscapeRight";
				LD_RUNPATH_SEARCH_PATHS = (
					"$(inherited)",
					"@executable_path/Frameworks",
				);
				MARKETING_VERSION = 1.0;
				PRODUCT_BUNDLE_IDENTIFIER = com.mertziya.RESTfulService;
				PRODUCT_NAME = "$(TARGET_NAME)";
				SWIFT_EMIT_LOC_STRINGS = YES;
				SWIFT_VERSION = 5.0;
				TARGETED_DEVICE_FAMILY = "1,2";
			};
			name = Release;
		};
		C6436E472D2D4157002CD5C7 /* Debug */ = {
			isa = XCBuildConfiguration;
			buildSettings = {
				ALWAYS_SEARCH_USER_PATHS = NO;
				ASSETCATALOG_COMPILER_GENERATE_SWIFT_ASSET_SYMBOL_EXTENSIONS = YES;
				CLANG_ANALYZER_NONNULL = YES;
				CLANG_ANALYZER_NUMBER_OBJECT_CONVERSION = YES_AGGRESSIVE;
				CLANG_CXX_LANGUAGE_STANDARD = "gnu++20";
				CLANG_ENABLE_MODULES = YES;
				CLANG_ENABLE_OBJC_ARC = YES;
				CLANG_ENABLE_OBJC_WEAK = YES;
				CLANG_WARN_BLOCK_CAPTURE_AUTORELEASING = YES;
				CLANG_WARN_BOOL_CONVERSION = YES;
				CLANG_WARN_COMMA = YES;
				CLANG_WARN_CONSTANT_CONVERSION = YES;
				CLANG_WARN_DEPRECATED_OBJC_IMPLEMENTATIONS = YES;
				CLANG_WARN_DIRECT_OBJC_ISA_USAGE = YES_ERROR;
				CLANG_WARN_DOCUMENTATION_COMMENTS = YES;
				CLANG_WARN_EMPTY_BODY = YES;
				CLANG_WARN_ENUM_CONVERSION = YES;
				CLANG_WARN_INFINITE_RECURSION = YES;
				CLANG_WARN_INT_CONVERSION = YES;
				CLANG_WARN_NON_LITERAL_NULL_CONVERSION = YES;
				CLANG_WARN_OBJC_IMPLICIT_RETAIN_SELF = YES;
				CLANG_WARN_OBJC_LITERAL_CONVERSION = YES;
				CLANG_WARN_OBJC_ROOT_CLASS = YES_ERROR;
				CLANG_WARN_QUOTED_INCLUDE_IN_FRAMEWORK_HEADER = YES;
				CLANG_WARN_RANGE_LOOP_ANALYSIS = YES;
				CLANG_WARN_STRICT_PROTOTYPES = YES;
				CLANG_WARN_SUSPICIOUS_MOVE = YES;
				CLANG_WARN_UNGUARDED_AVAILABILITY = YES_AGGRESSIVE;
				CLANG_WARN_UNREACHABLE_CODE = YES;
				CLANG_WARN__DUPLICATE_METHOD_MATCH = YES;
				COPY_PHASE_STRIP = NO;
				DEBUG_INFORMATION_FORMAT = dwarf;
				ENABLE_STRICT_OBJC_MSGSEND = YES;
				ENABLE_TESTABILITY = YES;
				ENABLE_USER_SCRIPT_SANDBOXING = YES;
				GCC_C_LANGUAGE_STANDARD = gnu17;
				GCC_DYNAMIC_NO_PIC = NO;
				GCC_NO_COMMON_BLOCKS = YES;
				GCC_OPTIMIZATION_LEVEL = 0;
				GCC_PREPROCESSOR_DEFINITIONS = (
					"DEBUG=1",
					"$(inherited)",
				);
				GCC_WARN_64_TO_32_BIT_CONVERSION = YES;
				GCC_WARN_ABOUT_RETURN_TYPE = YES_ERROR;
				GCC_WARN_UNDECLARED_SELECTOR = YES;
				GCC_WARN_UNINITIALIZED_AUTOS = YES_AGGRESSIVE;
				GCC_WARN_UNUSED_FUNCTION = YES;
				GCC_WARN_UNUSED_VARIABLE = YES;
				IPHONEOS_DEPLOYMENT_TARGET = 18.1;
				LOCALIZATION_PREFERS_STRING_CATALOGS = YES;
				MTL_ENABLE_DEBUG_INFO = INCLUDE_SOURCE;
				MTL_FAST_MATH = YES;
				ONLY_ACTIVE_ARCH = YES;
				SDKROOT = iphoneos;
				SWIFT_ACTIVE_COMPILATION_CONDITIONS = "DEBUG $(inherited)";
				SWIFT_OPTIMIZATION_LEVEL = "-Onone";
			};
			name = Debug;
		};
		C6436E482D2D4157002CD5C7 /* Release */ = {
			isa = XCBuildConfiguration;
			buildSettings = {
				ALWAYS_SEARCH_USER_PATHS = NO;
				ASSETCATALOG_COMPILER_GENERATE_SWIFT_ASSET_SYMBOL_EXTENSIONS = YES;
				CLANG_ANALYZER_NONNULL = YES;
				CLANG_ANALYZER_NUMBER_OBJECT_CONVERSION = YES_AGGRESSIVE;
				CLANG_CXX_LANGUAGE_STANDARD = "gnu++20";
				CLANG_ENABLE_MODULES = YES;
				CLANG_ENABLE_OBJC_ARC = YES;
				CLANG_ENABLE_OBJC_WEAK = YES;
				CLANG_WARN_BLOCK_CAPTURE_AUTORELEASING = YES;
				CLANG_WARN_BOOL_CONVERSION = YES;
				CLANG_WARN_COMMA = YES;
				CLANG_WARN_CONSTANT_CONVERSION = YES;
				CLANG_WARN_DEPRECATED_OBJC_IMPLEMENTATIONS = YES;
				CLANG_WARN_DIRECT_OBJC_ISA_USAGE = YES_ERROR;
				CLANG_WARN_DOCUMENTATION_COMMENTS = YES;
				CLANG_WARN_EMPTY_BODY = YES;
				CLANG_WARN_ENUM_CONVERSION = YES;
				CLANG_WARN_INFINITE_RECURSION = YES;
				CLANG_WARN_INT_CONVERSION = YES;
				CLANG_WARN_NON_LITERAL_NULL_CONVERSION = YES;
				CLANG_WARN_OBJC_IMPLICIT_RETAIN_SELF = YES;
				CLANG_WARN_OBJC_LITERAL_CONVERSION = YES;
				CLANG_WARN_OBJC_ROOT_CLASS = YES_ERROR;
				CLANG_WARN_QUOTED_INCLUDE_IN_FRAMEWORK_HEADER = YES;
				CLANG_WARN_RANGE_LOOP_ANALYSIS = YES;
				CLANG_WARN_STRICT_PROTOTYPES = YES;
				CLANG_WARN_SUSPICIOUS_MOVE = YES;
				CLANG_WARN_UNGUARDED_AVAILABILITY = YES_AGGRESSIVE;
				CLANG_WARN_UNREACHABLE_CODE = YES;
				CLANG_WARN__DUPLICATE_METHOD_MATCH = YES;
				COPY_PHASE_STRIP = NO;
				DEBUG_INFORMATION_FORMAT = "dwarf-with-dsym";
				ENABLE_NS_ASSERTIONS = NO;
				ENABLE_STRICT_OBJC_MSGSEND = YES;
				ENABLE_USER_SCRIPT_SANDBOXING = YES;
				GCC_C_LANGUAGE_STANDARD = gnu17;
				GCC_NO_COMMON_BLOCKS = YES;
				GCC_WARN_64_TO_32_BIT_CONVERSION = YES;
				GCC_WARN_ABOUT_RETURN_TYPE = YES_ERROR;
				GCC_WARN_UNDECLARED_SELECTOR = YES;
				GCC_WARN_UNINITIALIZED_AUTOS = YES_AGGRESSIVE;
				GCC_WARN_UNUSED_FUNCTION = YES;
				GCC_WARN_UNUSED_VARIABLE = YES;
				IPHONEOS_DEPLOYMENT_TARGET = 18.1;
				LOCALIZATION_PREFERS_STRING_CATALOGS = YES;
				MTL_ENABLE_DEBUG_INFO = NO;
				MTL_FAST_MATH = YES;
				SDKROOT = iphoneos;
				SWIFT_COMPILATION_MODE = wholemodule;
				VALIDATE_PRODUCT = YES;
			};
			name = Release;
		};
/* End XCBuildConfiguration section */

/* Begin XCConfigurationList section */
		C6436E2C2D2D4156002CD5C7 /* Build configuration list for PBXProject "RESTfulService" */ = {
			isa = XCConfigurationList;
			buildConfigurations = (
				C6436E472D2D4157002CD5C7 /* Debug */,
				C6436E482D2D4157002CD5C7 /* Release */,
			);
			defaultConfigurationIsVisible = 0;
			defaultConfigurationName = Release;
		};
		C6436E442D2D4157002CD5C7 /* Build configuration list for PBXNativeTarget "RESTfulService" */ = {
			isa = XCConfigurationList;
			buildConfigurations = (
				C6436E452D2D4157002CD5C7 /* Debug */,
				C6436E462D2D4157002CD5C7 /* Release */,
			);
			defaultConfigurationIsVisible = 0;
			defaultConfigurationName = Release;
		};
/* End XCConfigurationList section */
	};
	rootObject = C6436E292D2D4156002CD5C7 /* Project object */;
}
